
Microsoft Visual Studio Solution File, Format Version 12.00
# Visual Studio Version 16
VisualStudioVersion = 16.0.31220.234
MinimumVisualStudioVersion = 10.0.40219.1
Project("{9A19103F-16F7-4668-BE54-9A1E7A4F7556}") = "CephSked", "CephSked\CephSked.csproj", "{F8CF7E4F-41AA-481F-8FAB-D352FC57BFFE}"
EndProject
Project("{9A19103F-16F7-4668-BE54-9A1E7A4F7556}") = "Ceph.Airport", "..\Ceph.Airport\Ceph.Airport.csproj", "{62FF9766-320E-4C61-912C-38F63E3FC85B}"
EndProject
Project("{FAE04EC0-301F-11D3-BF4B-00C04F79EFBC}") = "CephCon", "..\CephCon\CephCon.csproj", "{2DA4090D-2B0B-450D-B864-236ABF389618}"
EndProject
Global
	GlobalSection(SolutionConfigurationPlatforms) = preSolution
		Debug|Any CPU = Debug|Any CPU
		Release|Any CPU = Release|Any CPU
	EndGlobalSection
	GlobalSection(ProjectConfigurationPlatforms) = postSolution
		{F8CF7E4F-41AA-481F-8FAB-D352FC57BFFE}.Debug|Any CPU.ActiveCfg = Debug|Any CPU
		{F8CF7E4F-41AA-481F-8FAB-D352FC57BFFE}.Debug|Any CPU.Build.0 = Debug|Any CPU
		{F8CF7E4F-41AA-481F-8FAB-D352FC57BFFE}.Release|Any CPU.ActiveCfg = Release|Any CPU
		{F8CF7E4F-41AA-481F-8FAB-D352FC57BFFE}.Release|Any CPU.Build.0 = Release|Any CPU
		{62FF9766-320E-4C61-912C-38F63E3FC85B}.Debug|Any CPU.ActiveCfg = Debug|Any CPU
		{62FF9766-320E-4C61-912C-38F63E3FC85B}.Debug|Any CPU.Build.0 = Debug|Any CPU
		{62FF9766-320E-4C61-912C-38F63E3FC85B}.Release|Any CPU.ActiveCfg = Release|Any CPU
		{62FF9766-320E-4C61-912C-38F63E3FC85B}.Release|Any CPU.Build.0 = Release|Any CPU
		{2DA4090D-2B0B-450D-B864-236ABF389618}.Debug|Any CPU.ActiveCfg = Debug|Any CPU
		{2DA4090D-2B0B-450D-B864-236ABF389618}.Debug|Any CPU.Build.0 = Debug|Any CPU
		{2DA4090D-2B0B-450D-B864-236ABF389618}.Release|Any CPU.ActiveCfg = Release|Any CPU
		{2DA4090D-2B0B-450D-B864-236ABF389618}.Release|Any CPU.Build.0 = Release|Any CPU
	EndGlobalSection
	GlobalSection(SolutionProperties) = preSolution
		HideSolutionNode = FALSE
	EndGlobalSection
	GlobalSection(ExtensibilityGlobals) = postSolution
		SolutionGuid = {876ADCA3-69DF-4C04-BF67-C92BB845AB07}
	EndGlobalSection
EndGlobal
